
Microsoft Visual Studio Solution File, Format Version 12.00
# Visual Studio Version 16
VisualStudioVersion = 16.0.30907.101
MinimumVisualStudioVersion = 10.0.40219.1
Project("{FAE04EC0-301F-11D3-BF4B-00C04F79EFBC}") = "FemiHealthArabForum", "FemiHealthArabForum\FemiHealthArabForum.csproj", "{81F153CC-CD89-431C-82A6-BCC982ABF04C}"
EndProject
Global
	GlobalSection(SolutionConfigurationPlatforms) = preSolution
		Debug|Any CPU = Debug|Any CPU
		Release|Any CPU = Release|Any CPU
	EndGlobalSection
	GlobalSection(ProjectConfigurationPlatforms) = postSolution
		{81F153CC-CD89-431C-82A6-BCC982ABF04C}.Debug|Any CPU.ActiveCfg = Debug|Any CPU
		{81F153CC-CD89-431C-82A6-BCC982ABF04C}.Debug|Any CPU.Build.0 = Debug|Any CPU
		{81F153CC-CD89-431C-82A6-BCC982ABF04C}.Release|Any CPU.ActiveCfg = Release|Any CPU
		{81F153CC-CD89-431C-82A6-BCC982ABF04C}.Release|Any CPU.Build.0 = Release|Any CPU
	EndGlobalSection
	GlobalSection(SolutionProperties) = preSolution
		HideSolutionNode = FALSE
	EndGlobalSection
	GlobalSection(ExtensibilityGlobals) = postSolution
		SolutionGuid = {FBAD7D40-106D-4F56-AA85-65217FA2A3E8}
	EndGlobalSection
EndGlobal
